github.com/codeGROOVE-dev/fido v1.10.0 h1:i4Wb6LDd5nD/4Fnp47KAVUVhG1O1mN5jSRbCYPpBYjw=
github.com/codeGROOVE-dev/fido v1.10.0/go.mod h1:/mqfMeKCTYTGt/Y0cWm6gh8gYBKG1w8xBsTDmu+A/pU=
github.com/codeGROOVE-dev/retry v1.3.1 h1:BAkfDzs6FssxLCGWGgM97bb+6/8GTa40Cs147vXkJOg=
github.com/codeGROOVE-dev/retry v1.3.1/go.mod h1:+b3huqYGY1+ZJyuCmR8nBVLjd3WJ7qAFss+sI4s6FSc=
github.com/puzpuzpuz/xsync/v4 v4.2.0 h1:dlxm77dZj2c3rxq0/XNvvUKISAmovoXF4a4qM6Wvkr0=
github.com/puzpuzpuz/xsync/v4 v4.2.0/go.mod h1:VJDmTCJMBt8igNxnkQd86r+8KUeN1quSfNKu5bLYFQo=
golang.org/x/crypto v0.46.0 h1:cKRW/pmt1pKAfetfu+RCEvjvZkA9RimPbh7bhFjGVBU=
golang.org/x/crypto v0.46.0/go.mod h1:Evb/oLKmMraqjZ2iQTwDwvCtJkczlDuTmdJXoZVzqU0=
golang.org/x/net v0.48.0 h1:zyQRTTrjc33Lhh0fBgT/H3oZq9WuvRR5gPC70xpDiQU=
golang.org/x/net v0.48.0/go.mod h1:+ndRgGjkh8FGtu1w1FGbEC31if4VrNVMuKTgcAAnQRY=
golang.org/x/text v0.32.0 h1:ZD01bjUt1FQ9WJ0ClOL5vxgxOI/sVCNgX1YtKwcY0mU=
golang.org/x/text v0.32.0/go.mod h1:o/rUWzghvpD5TXrTIBuJU77MTaN0ljMWE47kxGJQ7jY=
